// !$*UTF8*$!
{
	archiveVersion = 1;
	classes = {
	};
	objectVersion = 50;
	objects = {

/* Begin PBXBuildFile section */
		78064D0E21D60B4E0052E312 /* ZJJGetSystemImageTool.m in Sources */ = {isa = PBXBuildFile; fileRef = 78064D0C21D60B4D0052E312 /* ZJJGetSystemImageTool.m */; };
		78064D1021D60FD30052E312 /* qrcode_scan_btn_photo_down@2x.png in Resources */ = {isa = PBXBuildFile; fileRef = 78064D0F21D60FD30052E312 /* qrcode_scan_btn_photo_down@2x.png */; };
		78064D1221D612600052E312 /* qrcode_scan_btn_flash_down@2x.png in Resources */ = {isa = PBXBuildFile; fileRef = 78064D1121D612600052E312 /* qrcode_scan_btn_flash_down@2x.png */; };
		78064D1521D617250052E312 /* ZJJWebViewController.m in Sources */ = {isa = PBXBuildFile; fileRef = 78064D1421D617250052E312 /* ZJJWebViewController.m */; };
		78064D1821D61D4A0052E312 /* ZJJCreateCodeViewController.m in Sources */ = {isa = PBXBuildFile; fileRef = 78064D1721D61D4A0052E312 /* ZJJCreateCodeViewController.m */; };
		787B33F521D4CC2D006063B3 /* ZJJTranslucentView.m in Sources */ = {isa = PBXBuildFile; fileRef = 787B33F421D4CC2D006063B3 /* ZJJTranslucentView.m */; };
		787B33F821D4CC76006063B3 /* ZJJScanViewController.m in Sources */ = {isa = PBXBuildFile; fileRef = 787B33F721D4CC76006063B3 /* ZJJScanViewController.m */; };
		78D9C2EF21D37C9300352EF6 /* AppDelegate.m in Sources */ = {isa = PBXBuildFile; fileRef = 78D9C2EE21D37C9300352EF6 /* AppDelegate.m */; };
		78D9C2F221D37C9300352EF6 /* ViewController.m in Sources */ = {isa = PBXBuildFile; fileRef = 78D9C2F121D37C9300352EF6 /* ViewController.m */; };
		78D9C2F521D37C9300352EF6 /* Main.storyboard in Resources */ = {isa = PBXBuildFile; fileRef = 78D9C2F321D37C9300352EF6 /* Main.storyboard */; };
		78D9C2F721D37C9500352EF6 /* Assets.xcassets in Resources */ = {isa = PBXBuildFile; fileRef = 78D9C2F621D37C9500352EF6 /* Assets.xcassets */; };
		78D9C2FA21D37C9500352EF6 /* LaunchScreen.storyboard in Resources */ = {isa = PBXBuildFile; fileRef = 78D9C2F821D37C9500352EF6 /* LaunchScreen.storyboard */; };
		78D9C2FD21D37C9500352EF6 /* main.m in Sources */ = {isa = PBXBuildFile; fileRef = 78D9C2FC21D37C9500352EF6 /* main.m */; };
		78D9C30C21D38AF800352EF6 /* scan_2@2x.png in Resources */ = {isa = PBXBuildFile; fileRef = 78D9C30721D38AF800352EF6 /* scan_2@2x.png */; };
		78D9C30D21D38AF800352EF6 /* scan_net@2x.png in Resources */ = {isa = PBXBuildFile; fileRef = 78D9C30821D38AF800352EF6 /* scan_net@2x.png */; };
		78D9C30E21D38AF800352EF6 /* scan_1@2x.png in Resources */ = {isa = PBXBuildFile; fileRef = 78D9C30921D38AF800352EF6 /* scan_1@2x.png */; };
		78D9C30F21D38AF800352EF6 /* scan_4@2x.png in Resources */ = {isa = PBXBuildFile; fileRef = 78D9C30A21D38AF800352EF6 /* scan_4@2x.png */; };
		78D9C31021D38AF800352EF6 /* scan_3@2x.png in Resources */ = {isa = PBXBuildFile; fileRef = 78D9C30B21D38AF800352EF6 /* scan_3@2x.png */; };
/* End PBXBuildFile section */

/* Begin PBXFileReference section */
		78064D0C21D60B4D0052E312 /* ZJJGetSystemImageTool.m */ = {isa = PBXFileReference; fileEncoding = 4; lastKnownFileType = sourcecode.c.objc; path = ZJJGetSystemImageTool.m; sourceTree = "<group>"; };
		78064D0D21D60B4D0052E312 /* ZJJGetSystemImageTool.h */ = {isa = PBXFileReference; fileEncoding = 4; lastKnownFileType = sourcecode.c.h; path = ZJJGetSystemImageTool.h; sourceTree = "<group>"; };
		78064D0F21D60FD30052E312 /* qrcode_scan_btn_photo_down@2x.png */ = {isa = PBXFileReference; lastKnownFileType = image.png; path = "qrcode_scan_btn_photo_down@2x.png"; sourceTree = "<group>"; };
		78064D1121D612600052E312 /* qrcode_scan_btn_flash_down@2x.png */ = {isa = PBXFileReference; lastKnownFileType = image.png; path = "qrcode_scan_btn_flash_down@2x.png"; sourceTree = "<group>"; };
		78064D1321D617250052E312 /* ZJJWebViewController.h */ = {isa = PBXFileReference; lastKnownFileType = sourcecode.c.h; path = ZJJWebViewController.h; sourceTree = "<group>"; };
		78064D1421D617250052E312 /* ZJJWebViewController.m */ = {isa = PBXFileReference; lastKnownFileType = sourcecode.c.objc; path = ZJJWebViewController.m; sourceTree = "<group>"; };
		78064D1621D61D4A0052E312 /* ZJJCreateCodeViewController.h */ = {isa = PBXFileReference; lastKnownFileType = sourcecode.c.h; path = ZJJCreateCodeViewController.h; sourceTree = "<group>"; };
		78064D1721D61D4A0052E312 /* ZJJCreateCodeViewController.m */ = {isa = PBXFileReference; lastKnownFileType = sourcecode.c.objc; path = ZJJCreateCodeViewController.m; sourceTree = "<group>"; };
		787B33F321D4CC2D006063B3 /* ZJJTranslucentView.h */ = {isa = PBXFileReference; lastKnownFileType = sourcecode.c.h; path = ZJJTranslucentView.h; sourceTree = "<group>"; };
		787B33F421D4CC2D006063B3 /* ZJJTranslucentView.m */ = {isa = PBXFileReference; lastKnownFileType = sourcecode.c.objc; path = ZJJTranslucentView.m; sourceTree = "<group>"; };
		787B33F621D4CC76006063B3 /* ZJJScanViewController.h */ = {isa = PBXFileReference; lastKnownFileType = sourcecode.c.h; path = ZJJScanViewController.h; sourceTree = "<group>"; };
		787B33F721D4CC76006063B3 /* ZJJScanViewController.m */ = {isa = PBXFileReference; lastKnownFileType = sourcecode.c.objc; path = ZJJScanViewController.m; sourceTree = "<group>"; };
		78D9C2EA21D37C9300352EF6 /* ZJJScanCodeProject.app */ = {isa = PBXFileReference; explicitFileType = wrapper.application; includeInIndex = 0; path = ZJJScanCodeProject.app; sourceTree = BUILT_PRODUCTS_DIR; };
		78D9C2ED21D37C9300352EF6 /* AppDelegate.h */ = {isa = PBXFileReference; lastKnownFileType = sourcecode.c.h; path = AppDelegate.h; sourceTree = "<group>"; };
		78D9C2EE21D37C9300352EF6 /* AppDelegate.m */ = {isa = PBXFileReference; lastKnownFileType = sourcecode.c.objc; path = AppDelegate.m; sourceTree = "<group>"; };
		78D9C2F021D37C9300352EF6 /* ViewController.h */ = {isa = PBXFileReference; lastKnownFileType = sourcecode.c.h; path = ViewController.h; sourceTree = "<group>"; };
		78D9C2F121D37C9300352EF6 /* ViewController.m */ = {isa = PBXFileReference; lastKnownFileType = sourcecode.c.objc; path = ViewController.m; sourceTree = "<group>"; };
		78D9C2F421D37C9300352EF6 /* Base */ = {isa = PBXFileReference; lastKnownFileType = file.storyboard; name = Base; path = Base.lproj/Main.storyboard; sourceTree = "<group>"; };
		78D9C2F621D37C9500352EF6 /* Assets.xcassets */ = {isa = PBXFileReference; lastKnownFileType = folder.assetcatalog; path = Assets.xcassets; sourceTree = "<group>"; };
		78D9C2F921D37C9500352EF6 /* Base */ = {isa = PBXFileReference; lastKnownFileType = file.storyboard; name = Base; path = Base.lproj/LaunchScreen.storyboard; sourceTree = "<group>"; };
		78D9C2FB21D37C9500352EF6 /* Info.plist */ = {isa = PBXFileReference; lastKnownFileType = text.plist.xml; path = Info.plist; sourceTree = "<group>"; };
		78D9C2FC21D37C9500352EF6 /* main.m */ = {isa = PBXFileReference; lastKnownFileType = sourcecode.c.objc; path = main.m; sourceTree = "<group>"; };
		78D9C30721D38AF800352EF6 /* scan_2@2x.png */ = {isa = PBXFileReference; lastKnownFileType = image.png; path = "scan_2@2x.png"; sourceTree = "<group>"; };
		78D9C30821D38AF800352EF6 /* scan_net@2x.png */ = {isa = PBXFileReference; lastKnownFileType = image.png; path = "scan_net@2x.png"; sourceTree = "<group>"; };
		78D9C30921D38AF800352EF6 /* scan_1@2x.png */ = {isa = PBXFileReference; lastKnownFileType = image.png; path = "scan_1@2x.png"; sourceTree = "<group>"; };
		78D9C30A21D38AF800352EF6 /* scan_4@2x.png */ = {isa = PBXFileReference; lastKnownFileType = image.png; path = "scan_4@2x.png"; sourceTree = "<group>"; };
		78D9C30B21D38AF800352EF6 /* scan_3@2x.png */ = {isa = PBXFileReference; lastKnownFileType = image.png; path = "scan_3@2x.png"; sourceTree = "<group>"; };
/* End PBXFileReference section */

/* Begin PBXFrameworksBuildPhase section */
		78D9C2E721D37C9300352EF6 /* Frameworks */ = {
			isa = PBXFrameworksBuildPhase;
			buildActionMask = 2147483647;
			files = (
			);
			runOnlyForDeploymentPostprocessing = 0;
		};
/* End PBXFrameworksBuildPhase section */

/* Begin PBXGroup section */
		78064D0B21D60B420052E312 /* Tool */ = {
			isa = PBXGroup;
			children = (
				78064D0D21D60B4D0052E312 /* ZJJGetSystemImageTool.h */,
				78064D0C21D60B4D0052E312 /* ZJJGetSystemImageTool.m */,
			);
			path = Tool;
			sourceTree = "<group>";
		};
		787B33EE21D4C605006063B3 /* View */ = {
			isa = PBXGroup;
			children = (
				787B33F321D4CC2D006063B3 /* ZJJTranslucentView.h */,
				787B33F421D4CC2D006063B3 /* ZJJTranslucentView.m */,
			);
			path = View;
			sourceTree = "<group>";
		};
		787B33F221D4CC02006063B3 /* ZJJ */ = {
			isa = PBXGroup;
			children = (
				78064D0B21D60B420052E312 /* Tool */,
				787B33F921D4CC87006063B3 /* Controller */,
				78D9C30621D38ADD00352EF6 /* Images */,
				787B33EE21D4C605006063B3 /* View */,
			);
			path = ZJJ;
			sourceTree = "<group>";
		};
		787B33F921D4CC87006063B3 /* Controller */ = {
			isa = PBXGroup;
			children = (
				78064D1621D61D4A0052E312 /* ZJJCreateCodeViewController.h */,
				78064D1721D61D4A0052E312 /* ZJJCreateCodeViewController.m */,
				787B33F621D4CC76006063B3 /* ZJJScanViewController.h */,
				787B33F721D4CC76006063B3 /* ZJJScanViewController.m */,
				78064D1321D617250052E312 /* ZJJWebViewController.h */,
				78064D1421D617250052E312 /* ZJJWebViewController.m */,
			);
			path = Controller;
			sourceTree = "<group>";
		};
		78D9C2E121D37C9300352EF6 = {
			isa = PBXGroup;
			children = (
				78D9C2EC21D37C9300352EF6 /* ZJJScanCodeProject */,
				78D9C2EB21D37C9300352EF6 /* Products */,
			);
			sourceTree = "<group>";
		};
		78D9C2EB21D37C9300352EF6 /* Products */ = {
			isa = PBXGroup;
			children = (
				78D9C2EA21D37C9300352EF6 /* ZJJScanCodeProject.app */,
			);
			name = Products;
			sourceTree = "<group>";
		};
		78D9C2EC21D37C9300352EF6 /* ZJJScanCodeProject */ = {
			isa = PBXGroup;
			children = (
				787B33F221D4CC02006063B3 /* ZJJ */,
				78D9C2ED21D37C9300352EF6 /* AppDelegate.h */,
				78D9C2EE21D37C9300352EF6 /* AppDelegate.m */,
				78D9C2F021D37C9300352EF6 /* ViewController.h */,
				78D9C2F121D37C9300352EF6 /* ViewController.m */,
				78D9C2F321D37C9300352EF6 /* Main.storyboard */,
				78D9C2F621D37C9500352EF6 /* Assets.xcassets */,
				78D9C2F821D37C9500352EF6 /* LaunchScreen.storyboard */,
				78D9C2FB21D37C9500352EF6 /* Info.plist */,
				78D9C2FC21D37C9500352EF6 /* main.m */,
			);
			path = ZJJScanCodeProject;
			sourceTree = "<group>";
		};
		78D9C30621D38ADD00352EF6 /* Images */ = {
			isa = PBXGroup;
			children = (
				78D9C30921D38AF800352EF6 /* scan_1@2x.png */,
				78D9C30721D38AF800352EF6 /* scan_2@2x.png */,
				78D9C30B21D38AF800352EF6 /* scan_3@2x.png */,
				78D9C30A21D38AF800352EF6 /* scan_4@2x.png */,
				78D9C30821D38AF800352EF6 /* scan_net@2x.png */,
				78064D0F21D60FD30052E312 /* qrcode_scan_btn_photo_down@2x.png */,
				78064D1121D612600052E312 /* qrcode_scan_btn_flash_down@2x.png */,
			);
			path = Images;
			sourceTree = "<group>";
		};
/* End PBXGroup section */

/* Begin PBXNativeTarget section */
		78D9C2E921D37C9300352EF6 /* ZJJScanCodeProject */ = {
			isa = PBXNativeTarget;
			buildConfigurationList = 78D9C30021D37C9500352EF6 /* Build configuration list for PBXNativeTarget "ZJJScanCodeProject" */;
			buildPhases = (
				78D9C2E621D37C9300352EF6 /* Sources */,
				78D9C2E721D37C9300352EF6 /* Frameworks */,
				78D9C2E821D37C9300352EF6 /* Resources */,
			);
			buildRules = (
			);
			dependencies = (
			);
			name = ZJJScanCodeProject;
			productName = ZJJScanCodeProject;
			productReference = 78D9C2EA21D37C9300352EF6 /* ZJJScanCodeProject.app */;
			productType = "com.apple.product-type.application";
		};
/* End PBXNativeTarget section */

/* Begin PBXProject section */
		78D9C2E221D37C9300352EF6 /* Project object */ = {
			isa = PBXProject;
			attributes = {
				LastUpgradeCheck = 0940;
				ORGANIZATIONNAME = YD;
				TargetAttributes = {
					78D9C2E921D37C9300352EF6 = {
						CreatedOnToolsVersion = 9.4.1;
					};
				};
			};
			buildConfigurationList = 78D9C2E521D37C9300352EF6 /* Build configuration list for PBXProject "ZJJScanCodeProject" */;
			compatibilityVersion = "Xcode 9.3";
			developmentRegion = en;
			hasScannedForEncodings = 0;
			knownRegions = (
				en,
				Base,
			);
			mainGroup = 78D9C2E121D37C9300352EF6;
			productRefGroup = 78D9C2EB21D37C9300352EF6 /* Products */;
			projectDirPath = "";
			projectRoot = "";
			targets = (
				78D9C2E921D37C9300352EF6 /* ZJJScanCodeProject */,
			);
		};
/* End PBXProject section */

/* Begin PBXResourcesBuildPhase section */
		78D9C2E821D37C9300352EF6 /* Resources */ = {
			isa = PBXResourcesBuildPhase;
			buildActionMask = 2147483647;
			files = (
				78D9C30D21D38AF800352EF6 /* scan_net@2x.png in Resources */,
				78D9C31021D38AF800352EF6 /* scan_3@2x.png in Resources */,
				78D9C30C21D38AF800352EF6 /* scan_2@2x.png in Resources */,
				78D9C2FA21D37C9500352EF6 /* LaunchScreen.storyboard in Resources */,
				78064D1021D60FD30052E312 /* qrcode_scan_btn_photo_down@2x.png in Resources */,
				78D9C2F721D37C9500352EF6 /* Assets.xcassets in Resources */,
				78D9C2F521D37C9300352EF6 /* Main.storyboard in Resources */,
				78D9C30F21D38AF800352EF6 /* scan_4@2x.png in Resources */,
				78D9C30E21D38AF800352EF6 /* scan_1@2x.png in Resources */,
				78064D1221D612600052E312 /* qrcode_scan_btn_flash_down@2x.png in Resources */,
			);
			runOnlyForDeploymentPostprocessing = 0;
		};
/* End PBXResourcesBuildPhase section */

/* Begin PBXSourcesBuildPhase section */
		78D9C2E621D37C9300352EF6 /* Sources */ = {
			isa = PBXSourcesBuildPhase;
			buildActionMask = 2147483647;
			files = (
				78064D0E21D60B4E0052E312 /* ZJJGetSystemImageTool.m in Sources */,
				78D9C2F221D37C9300352EF6 /* ViewController.m in Sources */,
				78D9C2FD21D37C9500352EF6 /* main.m in Sources */,
				78064D1521D617250052E312 /* ZJJWebViewController.m in Sources */,
				78064D1821D61D4A0052E312 /* ZJJCreateCodeViewController.m in Sources */,
				787B33F821D4CC76006063B3 /* ZJJScanViewController.m in Sources */,
				78D9C2EF21D37C9300352EF6 /* AppDelegate.m in Sources */,
				787B33F521D4CC2D006063B3 /* ZJJTranslucentView.m in Sources */,
			);
			runOnlyForDeploymentPostprocessing = 0;
		};
/* End PBXSourcesBuildPhase section */

/* Begin PBXVariantGroup section */
		78D9C2F321D37C9300352EF6 /* Main.storyboard */ = {
			isa = PBXVariantGroup;
			children = (
				78D9C2F421D37C9300352EF6 /* Base */,
			);
			name = Main.storyboard;
			sourceTree = "<group>";
		};
		78D9C2F821D37C9500352EF6 /* LaunchScreen.storyboard */ = {
			isa = PBXVariantGroup;
			children = (
				78D9C2F921D37C9500352EF6 /* Base */,
			);
			name = LaunchScreen.storyboard;
			sourceTree = "<group>";
		};
/* End PBXVariantGroup section */

/* Begin XCBuildConfiguration section */
		78D9C2FE21D37C9500352EF6 /* Debug */ = {
			isa = XCBuildConfiguration;
			buildSettings = {
				ALWAYS_SEARCH_USER_PATHS = NO;
				CLANG_ANALYZER_NONNULL = YES;
				CLANG_ANALYZER_NUMBER_OBJECT_CONVERSION = YES_AGGRESSIVE;
				CLANG_CXX_LANGUAGE_STANDARD = "gnu++14";
				CLANG_CXX_LIBRARY = "libc++";
				CLANG_ENABLE_MODULES = YES;
				CLANG_ENABLE_OBJC_ARC = YES;
				CLANG_ENABLE_OBJC_WEAK = YES;
				CLANG_WARN_BLOCK_CAPTURE_AUTORELEASING = YES;
				CLANG_WARN_BOOL_CONVERSION = YES;
				CLANG_WARN_COMMA = YES;
				CLANG_WARN_CONSTANT_CONVERSION = YES;
				CLANG_WARN_DEPRECATED_OBJC_IMPLEMENTATIONS = YES;
				CLANG_WARN_DIRECT_OBJC_ISA_USAGE = YES_ERROR;
				CLANG_WARN_DOCUMENTATION_COMMENTS = YES;
				CLANG_WARN_EMPTY_BODY = YES;
				CLANG_WARN_ENUM_CONVERSION = YES;
				CLANG_WARN_INFINITE_RECURSION = YES;
				CLANG_WARN_INT_CONVERSION = YES;
				CLANG_WARN_NON_LITERAL_NULL_CONVERSION = YES;
				CLANG_WARN_OBJC_IMPLICIT_RETAIN_SELF = YES;
				CLANG_WARN_OBJC_LITERAL_CONVERSION = YES;
				CLANG_WARN_OBJC_ROOT_CLASS = YES_ERROR;
				CLANG_WARN_RANGE_LOOP_ANALYSIS = YES;
				CLANG_WARN_STRICT_PROTOTYPES = YES;
				CLANG_WARN_SUSPICIOUS_MOVE = YES;
				CLANG_WARN_UNGUARDED_AVAILABILITY = YES_AGGRESSIVE;
				CLANG_WARN_UNREACHABLE_CODE = YES;
				CLANG_WARN__DUPLICATE_METHOD_MATCH = YES;
				CODE_SIGN_IDENTITY = "iPhone Developer";
				COPY_PHASE_STRIP = NO;
				DEBUG_INFORMATION_FORMAT = dwarf;
				ENABLE_STRICT_OBJC_MSGSEND = YES;
				ENABLE_TESTABILITY = YES;
				GCC_C_LANGUAGE_STANDARD = gnu11;
				GCC_DYNAMIC_NO_PIC = NO;
				GCC_NO_COMMON_BLOCKS = YES;
				GCC_OPTIMIZATION_LEVEL = 0;
				GCC_PREPROCESSOR_DEFINITIONS = (
					"DEBUG=1",
					"$(inherited)",
				);
				GCC_WARN_64_TO_32_BIT_CONVERSION = YES;
				GCC_WARN_ABOUT_RETURN_TYPE = YES_ERROR;
				GCC_WARN_UNDECLARED_SELECTOR = YES;
				GCC_WARN_UNINITIALIZED_AUTOS = YES_AGGRESSIVE;
				GCC_WARN_UNUSED_FUNCTION = YES;
				GCC_WARN_UNUSED_VARIABLE = YES;
				IPHONEOS_DEPLOYMENT_TARGET = 11.4;
				MTL_ENABLE_DEBUG_INFO = YES;
				ONLY_ACTIVE_ARCH = YES;
				SDKROOT = iphoneos;
			};
			name = Debug;
		};
		78D9C2FF21D37C9500352EF6 /* Release */ = {
			isa = XCBuildConfiguration;
			buildSettings = {
				ALWAYS_SEARCH_USER_PATHS = NO;
				CLANG_ANALYZER_NONNULL = YES;
				CLANG_ANALYZER_NUMBER_OBJECT_CONVERSION = YES_AGGRESSIVE;
				CLANG_CXX_LANGUAGE_STANDARD = "gnu++14";
				CLANG_CXX_LIBRARY = "libc++";
				CLANG_ENABLE_MODULES = YES;
				CLANG_ENABLE_OBJC_ARC = YES;
				CLANG_ENABLE_OBJC_WEAK = YES;
				CLANG_WARN_BLOCK_CAPTURE_AUTORELEASING = YES;
				CLANG_WARN_BOOL_CONVERSION = YES;
				CLANG_WARN_COMMA = YES;
				CLANG_WARN_CONSTANT_CONVERSION = YES;
				CLANG_WARN_DEPRECATED_OBJC_IMPLEMENTATIONS = YES;
				CLANG_WARN_DIRECT_OBJC_ISA_USAGE = YES_ERROR;
				CLANG_WARN_DOCUMENTATION_COMMENTS = YES;
				CLANG_WARN_EMPTY_BODY = YES;
				CLANG_WARN_ENUM_CONVERSION = YES;
				CLANG_WARN_INFINITE_RECURSION = YES;
				CLANG_WARN_INT_CONVERSION = YES;
				CLANG_WARN_NON_LITERAL_NULL_CONVERSION = YES;
				CLANG_WARN_OBJC_IMPLICIT_RETAIN_SELF = YES;
				CLANG_WARN_OBJC_LITERAL_CONVERSION = YES;
				CLANG_WARN_OBJC_ROOT_CLASS = YES_ERROR;
				CLANG_WARN_RANGE_LOOP_ANALYSIS = YES;
				CLANG_WARN_STRICT_PROTOTYPES = YES;
				CLANG_WARN_SUSPICIOUS_MOVE = YES;
				CLANG_WARN_UNGUARDED_AVAILABILITY = YES_AGGRESSIVE;
				CLANG_WARN_UNREACHABLE_CODE = YES;
				CLANG_WARN__DUPLICATE_METHOD_MATCH = YES;
				CODE_SIGN_IDENTITY = "iPhone Developer";
				COPY_PHASE_STRIP = NO;
				DEBUG_INFORMATION_FORMAT = "dwarf-with-dsym";
				ENABLE_NS_ASSERTIONS = NO;
				ENABLE_STRICT_OBJC_MSGSEND = YES;
				GCC_C_LANGUAGE_STANDARD = gnu11;
				GCC_NO_COMMON_BLOCKS = YES;
				GCC_WARN_64_TO_32_BIT_CONVERSION = YES;
				GCC_WARN_ABOUT_RETURN_TYPE = YES_ERROR;
				GCC_WARN_UNDECLARED_SELECTOR = YES;
				GCC_WARN_UNINITIALIZED_AUTOS = YES_AGGRESSIVE;
				GCC_WARN_UNUSED_FUNCTION = YES;
				GCC_WARN_UNUSED_VARIABLE = YES;
				IPHONEOS_DEPLOYMENT_TARGET = 11.4;
				MTL_ENABLE_DEBUG_INFO = NO;
				SDKROOT = iphoneos;
				VALIDATE_PRODUCT = YES;
			};
			name = Release;
		};
		78D9C30121D37C9500352EF6 /* Debug */ = {
			isa = XCBuildConfiguration;
			buildSettings = {
				ASSETCATALOG_COMPILER_APPICON_NAME = AppIcon;
				CODE_SIGN_STYLE = Manual;
				DEVELOPMENT_TEAM = KU46YZSG72;
				INFOPLIST_FILE = ZJJScanCodeProject/Info.plist;
				IPHONEOS_DEPLOYMENT_TARGET = 10.3;
				LD_RUNPATH_SEARCH_PATHS = (
					"$(inherited)",
					"@executable_path/Frameworks",
				);
				PRODUCT_BUNDLE_IDENTIFIER = com.xtayqria.ZJJScanCodeProject;
				PRODUCT_NAME = "$(TARGET_NAME)";
				PROVISIONING_PROFILE = "d6460221-f013-484e-ac4d-ad09af81b66a";
				PROVISIONING_PROFILE_SPECIFIER = ZJJAllProjectTestDevProfile;
				TARGETED_DEVICE_FAMILY = "1,2";
			};
			name = Debug;
		};
		78D9C30221D37C9500352EF6 /* Release */ = {
			isa = XCBuildConfiguration;
			buildSettings = {
				ASSETCATALOG_COMPILER_APPICON_NAME = AppIcon;
				CODE_SIGN_STYLE = Manual;
				DEVELOPMENT_TEAM = KU46YZSG72;
				INFOPLIST_FILE = ZJJScanCodeProject/Info.plist;
				IPHONEOS_DEPLOYMENT_TARGET = 10.3;
				LD_RUNPATH_SEARCH_PATHS = (
					"$(inherited)",
					"@executable_path/Frameworks",
				);
				PRODUCT_BUNDLE_IDENTIFIER = com.xtayqria.ZJJScanCodeProject;
				PRODUCT_NAME = "$(TARGET_NAME)";
				PROVISIONING_PROFILE = "d6460221-f013-484e-ac4d-ad09af81b66a";
				PROVISIONING_PROFILE_SPECIFIER = ZJJAllProjectTestDevProfile;
				TARGETED_DEVICE_FAMILY = "1,2";
			};
			name = Release;
		};
/* End XCBuildConfiguration section */

/* Begin XCConfigurationList section */
		78D9C2E521D37C9300352EF6 /* Build configuration list for PBXProject "ZJJScanCodeProject" */ = {
			isa = XCConfigurationList;
			buildConfigurations = (
				78D9C2FE21D37C9500352EF6 /* Debug */,
				78D9C2FF21D37C9500352EF6 /* Release */,
			);
			defaultConfigurationIsVisible = 0;
			defaultConfigurationName = Release;
		};
		78D9C30021D37C9500352EF6 /* Build configuration list for PBXNativeTarget "ZJJScanCodeProject" */ = {
			isa = XCConfigurationList;
			buildConfigurations = (
				78D9C30121D37C9500352EF6 /* Debug */,
				78D9C30221D37C9500352EF6 /* Release */,
			);
			defaultConfigurationIsVisible = 0;
			defaultConfigurationName = Release;
		};
/* End XCConfigurationList section */
	};
	rootObject = 78D9C2E221D37C9300352EF6 /* Project object */;
}
